<Solution>
  <Folder Name="/server/">
    <Project Path="server/Klippyface.Server.csproj" />
  </Folder>
  <Folder Name="/tests/">
    <Project Path="tests/Klippyface.Server.Tests/Klippyface.Server.Tests.csproj" />
  </Folder>
  <Folder Name="/tools/">
    <Project Path="tools/FakeMoonraker/FakeMoonraker.csproj" />
  </Folder>
</Solution>
